<?xml version="1.0" encoding="utf-8"?>
<Project ToolsVersion="4.0" xmlns="http://schemas.microsoft.com/developer/msbuild/2003">
  <ItemGroup>
    <ClCompile Include="Entry.cpp" />
    <ClCompile Include="Game\Actors\FortPawn\FortPawn.cpp">
      <Filter>Game\Actors\FortPawn</Filter>
    </ClCompile>
    <ClCompile Include="Game\Actors\FortWeapon\FortWeapon.cpp">
      <Filter>Game\Actors\FortWeapon</Filter>
    </ClCompile>
    <ClCompile Include="Game\SDK\Classes\CoreUObject_functions.cpp">
      <Filter>Game\SDK\Classes</Filter>
    </ClCompile>
    <ClCompile Include="Game\SDK\SDK.cpp">
      <Filter>Game\SDK</Filter>
    </ClCompile>
    <ClCompile Include="Game\SDK\SDKInitializer.cpp">
      <Filter>Game\SDK</Filter>
    </ClCompile>
    <ClCompile Include="Utilities\SpoofCall\SpoofCall.cpp">
      <Filter>Utilities\SpoofCall</Filter>
    </ClCompile>
    <ClCompile Include="Game\Actors\Actors.cpp">
      <Filter>Game\Actors</Filter>
    </ClCompile>
    <ClCompile Include="Drawing\Menu\Menu.cpp">
      <Filter>Drawing</Filter>
    </ClCompile>
    <ClCompile Include="Drawing\Drawing.cpp" />
    <ClCompile Include="Hooks\Hooks.cpp" />
    <ClCompile Include="Hooks\PostRender\PostRender.cpp" />
    <ClCompile Include="Game\Game.cpp" />
    <ClCompile Include="Drawing\Menu\MenuInput.cpp" />
    <ClCompile Include="Game\Actors\BuildingWeakSpot\BuildingWeakSpot.cpp" />
    <ClCompile Include="Hooks\GetViewpoint\GetViewpoint.cpp" />
    <ClCompile Include="Hooks\GetPlayerViewpoint\GetPlayerViewpoint.cpp.cpp" />
  </ItemGroup>
  <ItemGroup>
    <Filter Include="Game">
      <UniqueIdentifier>{e3999d05-420f-499d-bc30-18b4340ec017}</UniqueIdentifier>
    </Filter>
    <Filter Include="Game\SDK">
      <UniqueIdentifier>{d144baec-506a-4fd7-879a-dbd4ef50ea62}</UniqueIdentifier>
    </Filter>
    <Filter Include="Game\SDK\Classes">
      <UniqueIdentifier>{16d32680-e48f-4608-ba79-fd6fc8ebc64c}</UniqueIdentifier>
    </Filter>
    <Filter Include="Game\Actors">
      <UniqueIdentifier>{d802ad55-8734-4574-9bf5-34010fd226d2}</UniqueIdentifier>
    </Filter>
    <Filter Include="Game\Actors\FortPawn">
      <UniqueIdentifier>{12e2d2a0-d7e8-4f98-898b-61eafd11b20f}</UniqueIdentifier>
    </Filter>
    <Filter Include="Game\Actors\FortWeapon">
      <UniqueIdentifier>{390778b7-3924-4a70-b606-b25cd666deed}</UniqueIdentifier>
    </Filter>
    <Filter Include="Game\Features">
      <UniqueIdentifier>{79abcb8d-25db-429f-89e6-878225a3bb30}</UniqueIdentifier>
    </Filter>
    <Filter Include="Game\Features\Aimbot">
      <UniqueIdentifier>{3faf4059-0cad-4eb7-8a46-b57cb403d5b6}</UniqueIdentifier>
    </Filter>
    <Filter Include="Game\Features\ESP">
      <UniqueIdentifier>{c7195b69-6869-4b49-8a00-440ea8ff337f}</UniqueIdentifier>
    </Filter>
    <Filter Include="Game\Features\Exploits">
      <UniqueIdentifier>{afe9484f-1487-41bc-aa48-0f4137b79942}</UniqueIdentifier>
    </Filter>
    <Filter Include="Game\Hooks">
      <UniqueIdentifier>{8cfac435-a4b6-4529-a8fc-649d92427076}</UniqueIdentifier>
    </Filter>
    <Filter Include="Game\Hooks\PostRender">
      <UniqueIdentifier>{78de8245-297c-4324-b342-442ff6057ac7}</UniqueIdentifier>
    </Filter>
    <Filter Include="Configs">
      <UniqueIdentifier>{b79d47c0-2076-4f13-82e6-57536417a137}</UniqueIdentifier>
    </Filter>
    <Filter Include="Utilities">
      <UniqueIdentifier>{36945110-583f-4825-bf11-094271508aae}</UniqueIdentifier>
    </Filter>
    <Filter Include="Utilities\SpoofCall">
      <UniqueIdentifier>{ac108337-b100-4823-b1d0-99a6823babb0}</UniqueIdentifier>
    </Filter>
    <Filter Include="Drawing">
      <UniqueIdentifier>{e0950f03-5579-4101-9077-b538a01bdd1b}</UniqueIdentifier>
    </Filter>
    <Filter Include="Drawing\Engine">
      <UniqueIdentifier>{cf03b6bf-0d0d-49c1-afdb-4b5e64336048}</UniqueIdentifier>
    </Filter>
    <Filter Include="Drawing\ImGui">
      <UniqueIdentifier>{a7d33b04-858f-4f12-9cf9-18995052f1e0}</UniqueIdentifier>
    </Filter>
    <Filter Include="Drawing\ImGui\Hook">
      <UniqueIdentifier>{68564416-34e2-4e66-88c7-e7f5d61d937c}</UniqueIdentifier>
    </Filter>
  </ItemGroup>
  <ItemGroup>
    <ClInclude Include="Game\SDK\SDK.h">
      <Filter>Game\SDK</Filter>
    </ClInclude>
    <ClInclude Include="Game\SDK\Classes\Basic.h">
      <Filter>Game\SDK\Classes</Filter>
    </ClInclude>
    <ClInclude Include="Game\SDK\Classes\CoreUObject_classes.h">
      <Filter>Game\SDK\Classes</Filter>
    </ClInclude>
    <ClInclude Include="Game\Actors\Actors.h">
      <Filter>Game\Actors</Filter>
    </ClInclude>
    <ClInclude Include="Game\Features\Aimbot\Target.h">
      <Filter>Game\Features\Aimbot</Filter>
    </ClInclude>
    <ClInclude Include="Game\SDK\Classes\Engine_classes.h">
      <Filter>Game\SDK\Classes</Filter>
    </ClInclude>
    <ClInclude Include="Game\SDK\Classes\EngineFixups.h">
      <Filter>Game\SDK\Classes</Filter>
    </ClInclude>
    <ClInclude Include="Game\Game.h">
      <Filter>Game</Filter>
    </ClInclude>
    <ClInclude Include="Game\Features\FortPawn\FortPawn.h">
      <Filter>Game\Features\ESP</Filter>
    </ClInclude>
    <ClInclude Include="Configs\Config.h">
      <Filter>Configs</Filter>
    </ClInclude>
    <ClInclude Include="Globals.h" />
    <ClInclude Include="Game\SDK\SDKInitializer.h">
      <Filter>Game\SDK</Filter>
    </ClInclude>
    <ClInclude Include="Game\SDK\Classes\FortniteGame_Classes.h">
      <Filter>Game\SDK\Classes</Filter>
    </ClInclude>
    <ClInclude Include="Game\SDK\Classes\Engine_structs.h">
      <Filter>Game\SDK\Classes</Filter>
    </ClInclude>
    <ClInclude Include="Game\Features\FortPawn\Bone.h">
      <Filter>Game\Features\Aimbot</Filter>
    </ClInclude>
    <ClInclude Include="Utilities\skCrypter.h">
      <Filter>Utilities</Filter>
    </ClInclude>
    <ClInclude Include="Utilities\Error.h">
      <Filter>Utilities</Filter>
    </ClInclude>
    <ClInclude Include="Utilities\LazyImporter.h">
      <Filter>Utilities</Filter>
    </ClInclude>
    <ClInclude Include="Utilities\Logger.h">
      <Filter>Utilities</Filter>
    </ClInclude>
    <ClInclude Include="Utilities\Math.h">
      <Filter>Utilities</Filter>
    </ClInclude>
    <ClInclude Include="Utilities\Memory.h">
      <Filter>Utilities</Filter>
    </ClInclude>
    <ClInclude Include="Drawing\Menu\Menu.h">
      <Filter>Drawing</Filter>
    </ClInclude>
    <ClInclude Include="Drawing\Drawing.h" />
    <ClInclude Include="Hooks\Hooks.h" />
    <ClInclude Include="Configs\ConfigTypes.h" />
    <ClInclude Include="Drawing\Menu\MenuInput.h" />
    <ClInclude Include="Game\Features\Aimbot\Aimbot.h" />
    <ClInclude Include="Game\Actors\ActorCache.h" />
    <ClInclude Include="Game\SDK\Classes\FortniteGame_structs.h" />
    <ClInclude Include="Game\Features\Features.h" />
  </ItemGroup>
  <ItemGroup>
    <MASM Include="Utilities\SpoofCall\spoofinternal.asm">
      <Filter>Utilities\SpoofCall</Filter>
    </MASM>
  </ItemGroup>
</Project>