<?xml version="1.0" encoding="utf-8"?>
<Project ToolsVersion="4.0" xmlns="http://schemas.microsoft.com/developer/msbuild/2003">
  <ItemGroup>
    <ClCompile Include="Entry.cpp" />
    <ClCompile Include="Game\SDK\Classes\CoreUObject_Functions.cpp">
      <Filter>Game\SDK\Classes</Filter>
    </ClCompile>
    <ClCompile Include="Game\SDK\SDK.cpp">
      <Filter>Game\SDK</Filter>
    </ClCompile>
    <ClCompile Include="Game\SDK\SDKInitializer.cpp">
      <Filter>Game\SDK</Filter>
    </ClCompile>
    <ClCompile Include="Game\Actors\Actors.cpp">
      <Filter>Game\Actors</Filter>
    </ClCompile>
    <ClCompile Include="Drawing\Drawing.cpp">
      <Filter>Drawing</Filter>
    </ClCompile>
    <ClCompile Include="Drawing\RaaxGUI\RaaxGUI.cpp">
      <Filter>Drawing\RaaxGUI</Filter>
    </ClCompile>
    <ClCompile Include="Drawing\RaaxGUI\RaaxGUIInput.cpp">
      <Filter>Drawing\RaaxGUI</Filter>
    </ClCompile>
    <ClCompile Include="Game\Actors\Loops\FortPickup.cpp">
      <Filter>Game\Actors\Loops</Filter>
    </ClCompile>
    <ClCompile Include="Game\Actors\Loops\FortPawn.cpp">
      <Filter>Game\Actors\Loops</Filter>
    </ClCompile>
    <ClCompile Include="Game\Actors\Loops\BuildingWeakSpot.cpp">
      <Filter>Game\Actors\Loops</Filter>
    </ClCompile>
    <ClCompile Include="Game\Game.cpp">
      <Filter>Game</Filter>
    </ClCompile>
    <ClCompile Include="Hooks\Hooks.cpp">
      <Filter>Hooks</Filter>
    </ClCompile>
    <ClCompile Include="Hooks\Callbacks\DrawTransition.cpp">
      <Filter>Hooks\Callbacks</Filter>
    </ClCompile>
    <ClCompile Include="Hooks\Callbacks\GetPlayerViewpoint.cpp">
      <Filter>Hooks\Callbacks</Filter>
    </ClCompile>
    <ClCompile Include="Hooks\Callbacks\GetViewpoint.cpp">
      <Filter>Hooks\Callbacks</Filter>
    </ClCompile>
    <ClCompile Include="Game\Input\Input.cpp">
      <Filter>Game\Input</Filter>
    </ClCompile>
    <ClCompile Include="External-Libs\ImGui\imgui.cpp">
      <Filter>External-Libs\ImGui</Filter>
    </ClCompile>
    <ClCompile Include="External-Libs\ImGui\imgui_demo.cpp">
      <Filter>External-Libs\ImGui</Filter>
    </ClCompile>
    <ClCompile Include="External-Libs\ImGui\imgui_draw.cpp">
      <Filter>External-Libs\ImGui</Filter>
    </ClCompile>
    <ClCompile Include="External-Libs\ImGui\imgui_impl_dx11.cpp">
      <Filter>External-Libs\ImGui</Filter>
    </ClCompile>
    <ClCompile Include="External-Libs\ImGui\imgui_impl_win32.cpp">
      <Filter>External-Libs\ImGui</Filter>
    </ClCompile>
    <ClCompile Include="External-Libs\ImGui\imgui_tables.cpp">
      <Filter>External-Libs\ImGui</Filter>
    </ClCompile>
    <ClCompile Include="External-Libs\ImGui\imgui_widgets.cpp">
      <Filter>External-Libs\ImGui</Filter>
    </ClCompile>
    <ClCompile Include="Game\Features\FortPawnHelper\FortPawnHelper.cpp">
      <Filter>Game\Features\FortPawnHelper</Filter>
    </ClCompile>
    <ClCompile Include="Game\Features\Aimbot\Aimbot.cpp">
      <Filter>Game\Features\Aimbot</Filter>
    </ClCompile>
    <ClCompile Include="Game\Features\Aimbot\Target.cpp">
      <Filter>Game\Features\Aimbot</Filter>
    </ClCompile>
    <ClCompile Include="Game\SDK\Classes\Basic.cpp">
      <Filter>Game\SDK\Classes</Filter>
    </ClCompile>
    <ClCompile Include="Game\Features\FortPawnHelper\Bone.cpp">
      <Filter>Game\Features\FortPawnHelper</Filter>
    </ClCompile>
    <ClCompile Include="Game\SDK\Classes\FortniteGame_Functions.cpp">
      <Filter>Game\SDK\Classes</Filter>
    </ClCompile>
    <ClCompile Include="Game\SDK\Classes\Engine_Functions.cpp">
      <Filter>Game\SDK\Classes</Filter>
    </ClCompile>
    <ClCompile Include="Hooks\Callbacks\WndProc.cpp">
      <Filter>Hooks\Callbacks</Filter>
    </ClCompile>
    <ClCompile Include="Hooks\Callbacks\ResizeBuffers.cpp">
      <Filter>Hooks\Callbacks</Filter>
    </ClCompile>
    <ClCompile Include="Hooks\Callbacks\Present.cpp">
      <Filter>Hooks\Callbacks</Filter>
    </ClCompile>
    <ClCompile Include="Hooks\RaaxDx\RaaxDx.cpp">
      <Filter>Hooks\RaaxDx</Filter>
    </ClCompile>
    <ClCompile Include="Hooks\RaaxDx\minhook\src\buffer.c">
      <Filter>Hooks\RaaxDx\minhook\src</Filter>
    </ClCompile>
    <ClCompile Include="Hooks\RaaxDx\minhook\src\hook.c">
      <Filter>Hooks\RaaxDx\minhook\src</Filter>
    </ClCompile>
    <ClCompile Include="Hooks\RaaxDx\minhook\src\trampoline.c">
      <Filter>Hooks\RaaxDx\minhook\src</Filter>
    </ClCompile>
    <ClCompile Include="Hooks\RaaxDx\minhook\src\hde\hde32.c">
      <Filter>Hooks\RaaxDx\minhook\src\hde</Filter>
    </ClCompile>
    <ClCompile Include="Hooks\RaaxDx\minhook\src\hde\hde64.c">
      <Filter>Hooks\RaaxDx\minhook\src\hde</Filter>
    </ClCompile>
    <ClCompile Include="Game\Features\Exploits\Vehicle.cpp">
      <Filter>Game\Features\Exploits</Filter>
    </ClCompile>
    <ClCompile Include="Game\Features\Exploits\Weapon.cpp">
      <Filter>Game\Features\Exploits</Filter>
    </ClCompile>
    <ClCompile Include="Hooks\Callbacks\CalculateShot.cpp">
      <Filter>Hooks\Callbacks</Filter>
    </ClCompile>
    <ClCompile Include="Utilities\Math.cpp">
      <Filter>Utilities</Filter>
    </ClCompile>
    <ClCompile Include="Hooks\Callbacks\RaycastMulti.cpp">
      <Filter>Hooks\Callbacks</Filter>
    </ClCompile>
    <ClCompile Include="Game\Features\Exploits\Player.cpp">
      <Filter>Game\Features\Exploits</Filter>
    </ClCompile>
    <ClCompile Include="Game\Actors\Loops\FortAthenaVehicle.cpp">
      <Filter>Game\Actors\Loops</Filter>
    </ClCompile>
  </ItemGroup>
  <ItemGroup>
    <Filter Include="Game">
      <UniqueIdentifier>{e3999d05-420f-499d-bc30-18b4340ec017}</UniqueIdentifier>
    </Filter>
    <Filter Include="Game\SDK">
      <UniqueIdentifier>{d144baec-506a-4fd7-879a-dbd4ef50ea62}</UniqueIdentifier>
    </Filter>
    <Filter Include="Game\SDK\Classes">
      <UniqueIdentifier>{16d32680-e48f-4608-ba79-fd6fc8ebc64c}</UniqueIdentifier>
    </Filter>
    <Filter Include="Game\Actors">
      <UniqueIdentifier>{d802ad55-8734-4574-9bf5-34010fd226d2}</UniqueIdentifier>
    </Filter>
    <Filter Include="Game\Features">
      <UniqueIdentifier>{79abcb8d-25db-429f-89e6-878225a3bb30}</UniqueIdentifier>
    </Filter>
    <Filter Include="Game\Features\Aimbot">
      <UniqueIdentifier>{3faf4059-0cad-4eb7-8a46-b57cb403d5b6}</UniqueIdentifier>
    </Filter>
    <Filter Include="Game\Features\Exploits">
      <UniqueIdentifier>{afe9484f-1487-41bc-aa48-0f4137b79942}</UniqueIdentifier>
    </Filter>
    <Filter Include="Configs">
      <UniqueIdentifier>{b79d47c0-2076-4f13-82e6-57536417a137}</UniqueIdentifier>
    </Filter>
    <Filter Include="Utilities">
      <UniqueIdentifier>{36945110-583f-4825-bf11-094271508aae}</UniqueIdentifier>
    </Filter>
    <Filter Include="Drawing">
      <UniqueIdentifier>{e0950f03-5579-4101-9077-b538a01bdd1b}</UniqueIdentifier>
    </Filter>
    <Filter Include="Game\Actors\Loops">
      <UniqueIdentifier>{042f96ca-9bce-43c7-9195-5d67f678d6f8}</UniqueIdentifier>
    </Filter>
    <Filter Include="Game\Input">
      <UniqueIdentifier>{2dbf881b-214c-4ce7-ae61-4b4f2654c8c5}</UniqueIdentifier>
    </Filter>
    <Filter Include="Hooks">
      <UniqueIdentifier>{f5b32b98-c5ec-4318-99b3-af98dbeacf21}</UniqueIdentifier>
    </Filter>
    <Filter Include="Hooks\Callbacks">
      <UniqueIdentifier>{2bd6d239-dafc-4d6b-92a1-090a7d6dd5b6}</UniqueIdentifier>
    </Filter>
    <Filter Include="Drawing\RaaxGUI">
      <UniqueIdentifier>{cf03b6bf-0d0d-49c1-afdb-4b5e64336048}</UniqueIdentifier>
    </Filter>
    <Filter Include="Game\Features\FortPawnHelper">
      <UniqueIdentifier>{c7195b69-6869-4b49-8a00-440ea8ff337f}</UniqueIdentifier>
    </Filter>
    <Filter Include="Hooks\RaaxDx">
      <UniqueIdentifier>{6eb80892-c8c9-4766-b6eb-29b7bebcc1a3}</UniqueIdentifier>
    </Filter>
    <Filter Include="Hooks\RaaxDx\minhook">
      <UniqueIdentifier>{09ad028c-a7f2-4f76-a3ed-2f8226e8a0a3}</UniqueIdentifier>
    </Filter>
    <Filter Include="Hooks\RaaxDx\minhook\include">
      <UniqueIdentifier>{535cac5b-302a-4164-ace4-44a93100c15c}</UniqueIdentifier>
    </Filter>
    <Filter Include="Hooks\RaaxDx\minhook\src">
      <UniqueIdentifier>{3a1c28d2-3bf7-4202-a4c1-0d5704f3d59d}</UniqueIdentifier>
    </Filter>
    <Filter Include="Hooks\RaaxDx\minhook\src\hde">
      <UniqueIdentifier>{d6d213c1-5045-4e09-b7d3-a08635004238}</UniqueIdentifier>
    </Filter>
    <Filter Include="External-Libs">
      <UniqueIdentifier>{9b9c5c0f-f5a5-484a-a42b-ea5406917e59}</UniqueIdentifier>
    </Filter>
    <Filter Include="External-Libs\ImGui">
      <UniqueIdentifier>{8a875f6b-aabd-4aed-bbd2-0832f581750b}</UniqueIdentifier>
    </Filter>
  </ItemGroup>
  <ItemGroup>
    <ClInclude Include="Game\SDK\SDK.h">
      <Filter>Game\SDK</Filter>
    </ClInclude>
    <ClInclude Include="Game\SDK\Classes\Basic.h">
      <Filter>Game\SDK\Classes</Filter>
    </ClInclude>
    <ClInclude Include="Game\SDK\Classes\CoreUObject_Classes.h">
      <Filter>Game\SDK\Classes</Filter>
    </ClInclude>
    <ClInclude Include="Game\Actors\Actors.h">
      <Filter>Game\Actors</Filter>
    </ClInclude>
    <ClInclude Include="Game\Features\Aimbot\Target.h">
      <Filter>Game\Features\Aimbot</Filter>
    </ClInclude>
    <ClInclude Include="Game\SDK\Classes\Engine_Classes.h">
      <Filter>Game\SDK\Classes</Filter>
    </ClInclude>
    <ClInclude Include="Game\SDK\Classes\EngineFixups.h">
      <Filter>Game\SDK\Classes</Filter>
    </ClInclude>
    <ClInclude Include="Game\Game.h">
      <Filter>Game</Filter>
    </ClInclude>
    <ClInclude Include="Game\Features\FortPawnHelper\FortPawnHelper.h">
      <Filter>Game\Features\FortPawnHelper</Filter>
    </ClInclude>
    <ClInclude Include="Configs\Config.h">
      <Filter>Configs</Filter>
    </ClInclude>
    <ClInclude Include="Globals.h" />
    <ClInclude Include="Game\SDK\SDKInitializer.h">
      <Filter>Game\SDK</Filter>
    </ClInclude>
    <ClInclude Include="Game\SDK\Classes\FortniteGame_Classes.h">
      <Filter>Game\SDK\Classes</Filter>
    </ClInclude>
    <ClInclude Include="Game\SDK\Classes\Engine_Structs.h">
      <Filter>Game\SDK\Classes</Filter>
    </ClInclude>
    <ClInclude Include="Utilities\Error.h">
      <Filter>Utilities</Filter>
    </ClInclude>
    <ClInclude Include="Utilities\Logger.h">
      <Filter>Utilities</Filter>
    </ClInclude>
    <ClInclude Include="Utilities\Math.h">
      <Filter>Utilities</Filter>
    </ClInclude>
    <ClInclude Include="Utilities\Memory.h">
      <Filter>Utilities</Filter>
    </ClInclude>
    <ClInclude Include="Configs\ConfigTypes.h">
      <Filter>Configs</Filter>
    </ClInclude>
    <ClInclude Include="Drawing\Drawing.h">
      <Filter>Drawing</Filter>
    </ClInclude>
    <ClInclude Include="Drawing\RaaxGUI\RaaxGUI.h">
      <Filter>Drawing\RaaxGUI</Filter>
    </ClInclude>
    <ClInclude Include="Drawing\RaaxGUI\RaaxGUIInput.h">
      <Filter>Drawing\RaaxGUI</Filter>
    </ClInclude>
    <ClInclude Include="Game\Features\Aimbot\Aimbot.h">
      <Filter>Game\Features\Aimbot</Filter>
    </ClInclude>
    <ClInclude Include="Game\Features\Features.h">
      <Filter>Game\Features</Filter>
    </ClInclude>
    <ClInclude Include="Game\SDK\Classes\FortniteGame_Structs.h">
      <Filter>Game\SDK\Classes</Filter>
    </ClInclude>
    <ClInclude Include="Hooks\Hooks.h">
      <Filter>Hooks</Filter>
    </ClInclude>
    <ClInclude Include="Game\Actors\ActorCache.h">
      <Filter>Game\Actors</Filter>
    </ClInclude>
    <ClInclude Include="Game\Input\Input.h">
      <Filter>Game\Input</Filter>
    </ClInclude>
    <ClInclude Include="External-Libs\ImGui\imconfig.h">
      <Filter>External-Libs\ImGui</Filter>
    </ClInclude>
    <ClInclude Include="External-Libs\ImGui\imgui.h">
      <Filter>External-Libs\ImGui</Filter>
    </ClInclude>
    <ClInclude Include="External-Libs\ImGui\imgui_impl_dx11.h">
      <Filter>External-Libs\ImGui</Filter>
    </ClInclude>
    <ClInclude Include="External-Libs\ImGui\imgui_impl_win32.h">
      <Filter>External-Libs\ImGui</Filter>
    </ClInclude>
    <ClInclude Include="External-Libs\ImGui\imgui_internal.h">
      <Filter>External-Libs\ImGui</Filter>
    </ClInclude>
    <ClInclude Include="External-Libs\ImGui\imstb_rectpack.h">
      <Filter>External-Libs\ImGui</Filter>
    </ClInclude>
    <ClInclude Include="External-Libs\ImGui\imstb_textedit.h">
      <Filter>External-Libs\ImGui</Filter>
    </ClInclude>
    <ClInclude Include="External-Libs\ImGui\imstb_truetype.h">
      <Filter>External-Libs\ImGui</Filter>
    </ClInclude>
    <ClInclude Include="Utilities\Font.h">
      <Filter>Utilities</Filter>
    </ClInclude>
    <ClInclude Include="Game\Features\FortPawnHelper\Bone.h">
      <Filter>Game\Features\FortPawnHelper</Filter>
    </ClInclude>
    <ClInclude Include="Hooks\RaaxDx\RaaxDx.h">
      <Filter>Hooks\RaaxDx</Filter>
    </ClInclude>
    <ClInclude Include="Hooks\RaaxDx\minhook\src\buffer.h">
      <Filter>Hooks\RaaxDx\minhook\src</Filter>
    </ClInclude>
    <ClInclude Include="Hooks\RaaxDx\minhook\src\trampoline.h">
      <Filter>Hooks\RaaxDx\minhook\src</Filter>
    </ClInclude>
    <ClInclude Include="Hooks\RaaxDx\minhook\include\MinHook.h">
      <Filter>Hooks\RaaxDx\minhook\include</Filter>
    </ClInclude>
    <ClInclude Include="Hooks\RaaxDx\minhook\src\hde\hde32.h">
      <Filter>Hooks\RaaxDx\minhook\src\hde</Filter>
    </ClInclude>
    <ClInclude Include="Hooks\RaaxDx\minhook\src\hde\hde64.h">
      <Filter>Hooks\RaaxDx\minhook\src\hde</Filter>
    </ClInclude>
    <ClInclude Include="Hooks\RaaxDx\minhook\src\hde\pstdint.h">
      <Filter>Hooks\RaaxDx\minhook\src\hde</Filter>
    </ClInclude>
    <ClInclude Include="Hooks\RaaxDx\minhook\src\hde\table32.h">
      <Filter>Hooks\RaaxDx\minhook\src\hde</Filter>
    </ClInclude>
    <ClInclude Include="Hooks\RaaxDx\minhook\src\hde\table64.h">
      <Filter>Hooks\RaaxDx\minhook\src\hde</Filter>
    </ClInclude>
    <ClInclude Include="Game\Features\Exploits\Vehicle.h">
      <Filter>Game\Features\Exploits</Filter>
    </ClInclude>
    <ClInclude Include="External-Libs\skCrypter.h">
      <Filter>External-Libs</Filter>
    </ClInclude>
    <ClInclude Include="External-Libs\LazyImporter.h">
      <Filter>External-Libs</Filter>
    </ClInclude>
    <ClInclude Include="Game\Features\Exploits\Weapon.h">
      <Filter>Game\Features\Exploits</Filter>
    </ClInclude>
    <ClInclude Include="Game\Features\Exploits\Player.h">
      <Filter>Game\Features\Exploits</Filter>
    </ClInclude>
  </ItemGroup>
</Project>